// !$*UTF8*$!
{
	archiveVersion = 1;
	classes = {
	};
	objectVersion = 51;
	objects = {

/* Begin PBXBuildFile section */
		230CD6532BC6BEB446565EE4 /* ContentView.swift in Sources */ = {isa = PBXBuildFile; fileRef = E3BF1BCBCE27550213C52B8F /* ContentView.swift */; };
		57B18EDD192CC4CCB9043E0B /* SailboatRadioTests.swift in Sources */ = {isa = PBXBuildFile; fileRef = C415CE5EAFD85B78254BC525 /* SailboatRadioTests.swift */; };
		6DEE76F9281AFD3221EC7211 /* SailboatRadioApp.swift in Sources */ = {isa = PBXBuildFile; fileRef = 10B693642F668163B3319A9C /* SailboatRadioApp.swift */; };
		A244409D666E430E8282F18F /* Assets.xcassets in Sources */ = {isa = PBXBuildFile; fileRef = D1466CFA730C8D58BEDF3CEB /* Assets.xcassets */; };
		B32313E4066358FFCDE586DC /* AppDelegate.swift in Sources */ = {isa = PBXBuildFile; fileRef = 71E13F7803DEB817E8C43FF4 /* AppDelegate.swift */; };
/* End PBXBuildFile section */

/* Begin PBXContainerItemProxy section */
		C48B7360C5E8A5C2854E169B /* PBXContainerItemProxy */ = {
			isa = PBXContainerItemProxy;
			containerPortal = C84A3E9A98184F600A655F1D /* Project object */;
			proxyType = 1;
			remoteGlobalIDString = 529AC35363071F96FA1A99DA;
			remoteInfo = SailboatRadio;
		};
/* End PBXContainerItemProxy section */

/* Begin PBXFileReference section */
		10B693642F668163B3319A9C /* SailboatRadioApp.swift */ = {isa = PBXFileReference; lastKnownFileType = sourcecode.swift; path = SailboatRadioApp.swift; sourceTree = "<group>"; };
		35CD55B9BE774165787C13A9 /* SailboatRadio.app */ = {isa = PBXFileReference; includeInIndex = 0; lastKnownFileType = wrapper.application; path = SailboatRadio.app; sourceTree = BUILT_PRODUCTS_DIR; };
		71E13F7803DEB817E8C43FF4 /* AppDelegate.swift */ = {isa = PBXFileReference; lastKnownFileType = sourcecode.swift; path = AppDelegate.swift; sourceTree = "<group>"; };
		BBB3D5088F97A3834E563CE7 /* Info.plist */ = {isa = PBXFileReference; lastKnownFileType = text.plist; path = Info.plist; sourceTree = "<group>"; };
		C415CE5EAFD85B78254BC525 /* SailboatRadioTests.swift */ = {isa = PBXFileReference; lastKnownFileType = sourcecode.swift; path = SailboatRadioTests.swift; sourceTree = "<group>"; };
		D1466CFA730C8D58BEDF3CEB /* Assets.xcassets */ = {isa = PBXFileReference; lastKnownFileType = folder.assetcatalog; path = Assets.xcassets; sourceTree = "<group>"; };
		DA4D62FF8FB209F4EC583EBE /* SailboatRadioTests.xctest */ = {isa = PBXFileReference; includeInIndex = 0; lastKnownFileType = wrapper.cfbundle; path = SailboatRadioTests.xctest; sourceTree = BUILT_PRODUCTS_DIR; };
		E3BF1BCBCE27550213C52B8F /* ContentView.swift */ = {isa = PBXFileReference; lastKnownFileType = sourcecode.swift; path = ContentView.swift; sourceTree = "<group>"; };
/* End PBXFileReference section */

/* Begin PBXGroup section */
		018C3F7E312E6E3C35FB5C89 /* Products */ = {
			isa = PBXGroup;
			children = (
				35CD55B9BE774165787C13A9 /* SailboatRadio.app */,
				DA4D62FF8FB209F4EC583EBE /* SailboatRadioTests.xctest */,
			);
			name = Products;
			sourceTree = "<group>";
		};
		0C1068A568C5C20F0FF872C6 /* Application */ = {
			isa = PBXGroup;
			children = (
				71E13F7803DEB817E8C43FF4 /* AppDelegate.swift */,
				10B693642F668163B3319A9C /* SailboatRadioApp.swift */,
			);
			path = Application;
			sourceTree = "<group>";
		};
		3FA4A3498E8FE4E977D12160 /* assets */ = {
			isa = PBXGroup;
			children = (
				D1466CFA730C8D58BEDF3CEB /* Assets.xcassets */,
			);
			name = assets;
			path = ../assets;
			sourceTree = "<group>";
		};
		407B60E47858362EF59A45E9 /* SailboatRadio */ = {
			isa = PBXGroup;
			children = (
				E3BF1BCBCE27550213C52B8F /* ContentView.swift */,
				0C1068A568C5C20F0FF872C6 /* Application */,
			);
			name = SailboatRadio;
			path = SailboatRadio/Sources;
			sourceTree = "<group>";
		};
		607493390C00241C98457095 /* SailboatRadioTests */ = {
			isa = PBXGroup;
			children = (
				BBB3D5088F97A3834E563CE7 /* Info.plist */,
				C415CE5EAFD85B78254BC525 /* SailboatRadioTests.swift */,
			);
			path = SailboatRadioTests;
			sourceTree = "<group>";
		};
		DAB96BC2265AB81767874024 = {
			isa = PBXGroup;
			children = (
				3FA4A3498E8FE4E977D12160 /* assets */,
				407B60E47858362EF59A45E9 /* SailboatRadio */,
				607493390C00241C98457095 /* SailboatRadioTests */,
				018C3F7E312E6E3C35FB5C89 /* Products */,
			);
			sourceTree = "<group>";
		};
/* End PBXGroup section */

/* Begin PBXNativeTarget section */
		529AC35363071F96FA1A99DA /* SailboatRadio */ = {
			isa = PBXNativeTarget;
			buildConfigurationList = 07CC6794D550E6DB78DDB187 /* Build configuration list for PBXNativeTarget "SailboatRadio" */;
			buildPhases = (
				4688F1E706840990FC78E6BE /* Sources */,
			);
			buildRules = (
			);
			dependencies = (
			);
			name = SailboatRadio;
			productName = SailboatRadio;
			productReference = 35CD55B9BE774165787C13A9 /* SailboatRadio.app */;
			productType = "com.apple.product-type.application";
		};
		C658CA42DA9B502E8EA1EE08 /* SailboatRadioTests */ = {
			isa = PBXNativeTarget;
			buildConfigurationList = 86B4B01336FA47227DAB533C /* Build configuration list for PBXNativeTarget "SailboatRadioTests" */;
			buildPhases = (
				4E536165F01041C526E64490 /* Sources */,
			);
			buildRules = (
			);
			dependencies = (
				9AA0B9F4567F973DA8B5652C /* PBXTargetDependency */,
			);
			name = SailboatRadioTests;
			productName = SailboatRadioTests;
			productReference = DA4D62FF8FB209F4EC583EBE /* SailboatRadioTests.xctest */;
			productType = "com.apple.product-type.bundle.unit-test";
		};
/* End PBXNativeTarget section */

/* Begin PBXProject section */
		C84A3E9A98184F600A655F1D /* Project object */ = {
			isa = PBXProject;
			attributes = {
				LastUpgradeCheck = 1020;
				TargetAttributes = {
					C658CA42DA9B502E8EA1EE08 = {
						TestTargetID = 529AC35363071F96FA1A99DA;
					};
				};
			};
			buildConfigurationList = 2B4666FE81DA924EB87A38A0 /* Build configuration list for PBXProject "SailboatRadio" */;
			compatibilityVersion = "Xcode 10.0";
			developmentRegion = en;
			hasScannedForEncodings = 0;
			knownRegions = (
				Base,
				en,
			);
			mainGroup = DAB96BC2265AB81767874024;
			projectDirPath = "";
			projectRoot = "";
			targets = (
				529AC35363071F96FA1A99DA /* SailboatRadio */,
				C658CA42DA9B502E8EA1EE08 /* SailboatRadioTests */,
			);
		};
/* End PBXProject section */

/* Begin PBXSourcesBuildPhase section */
		4688F1E706840990FC78E6BE /* Sources */ = {
			isa = PBXSourcesBuildPhase;
			buildActionMask = 2147483647;
			files = (
				B32313E4066358FFCDE586DC /* AppDelegate.swift in Sources */,
				A244409D666E430E8282F18F /* Assets.xcassets in Sources */,
				230CD6532BC6BEB446565EE4 /* ContentView.swift in Sources */,
				6DEE76F9281AFD3221EC7211 /* SailboatRadioApp.swift in Sources */,
			);
			runOnlyForDeploymentPostprocessing = 0;
		};
		4E536165F01041C526E64490 /* Sources */ = {
			isa = PBXSourcesBuildPhase;
			buildActionMask = 2147483647;
			files = (
				57B18EDD192CC4CCB9043E0B /* SailboatRadioTests.swift in Sources */,
			);
			runOnlyForDeploymentPostprocessing = 0;
		};
/* End PBXSourcesBuildPhase section */

/* Begin PBXTargetDependency section */
		9AA0B9F4567F973DA8B5652C /* PBXTargetDependency */ = {
			isa = PBXTargetDependency;
			target = 529AC35363071F96FA1A99DA /* SailboatRadio */;
			targetProxy = C48B7360C5E8A5C2854E169B /* PBXContainerItemProxy */;
		};
/* End PBXTargetDependency section */

/* Begin XCBuildConfiguration section */
		15E61823DF9DD0B2F0A9F0CC /* Release */ = {
			isa = XCBuildConfiguration;
			buildSettings = {
				BUNDLE_LOADER = "$(TEST_HOST)";
				INFOPLIST_FILE = SailboatRadioTests/Info.plist;
				LD_RUNPATH_SEARCH_PATHS = (
					"$(inherited)",
					"@executable_path/Frameworks",
					"@loader_path/Frameworks",
				);
				PRODUCT_BUNDLE_IDENTIFIER = d.mazo.SailboatRadioTests;
				SDKROOT = iphoneos;
				TARGETED_DEVICE_FAMILY = "1,2";
				TEST_HOST = "$(BUILT_PRODUCTS_DIR)/SailboatRadio.app/SailboatRadio";
				TEST_TARGET_NAME = SailboatRadio;
			};
			name = Release;
		};
		189BB9A6BB4A06951833182B /* Debug */ = {
			isa = XCBuildConfiguration;
			buildSettings = {
				BUNDLE_LOADER = "$(TEST_HOST)";
				INFOPLIST_FILE = SailboatRadioTests/Info.plist;
				LD_RUNPATH_SEARCH_PATHS = (
					"$(inherited)",
					"@executable_path/Frameworks",
					"@loader_path/Frameworks",
				);
				PRODUCT_BUNDLE_IDENTIFIER = d.mazo.SailboatRadioTests;
				SDKROOT = iphoneos;
				TARGETED_DEVICE_FAMILY = "1,2";
				TEST_HOST = "$(BUILT_PRODUCTS_DIR)/SailboatRadio.app/SailboatRadio";
				TEST_TARGET_NAME = SailboatRadio;
			};
			name = Debug;
		};
		E819BD5B2B8F18806240EA6D /* Release */ = {
			isa = XCBuildConfiguration;
			buildSettings = {
				ALWAYS_SEARCH_USER_PATHS = NO;
				CLANG_ANALYZER_NONNULL = YES;
				CLANG_ANALYZER_NUMBER_OBJECT_CONVERSION = YES_AGGRESSIVE;
				CLANG_CXX_LANGUAGE_STANDARD = "gnu++14";
				CLANG_CXX_LIBRARY = "libc++";
				CLANG_ENABLE_MODULES = YES;
				CLANG_ENABLE_OBJC_ARC = YES;
				CLANG_WARN_BLOCK_CAPTURE_AUTORELEASING = YES;
				CLANG_WARN_BOOL_CONVERSION = YES;
				CLANG_WARN_COMMA = YES;
				CLANG_WARN_CONSTANT_CONVERSION = YES;
				CLANG_WARN_DEPRECATED_OBJC_IMPLEMENTATIONS = YES;
				CLANG_WARN_DIRECT_OBJC_ISA_USAGE = YES_ERROR;
				CLANG_WARN_DOCUMENTATION_COMMENTS = YES;
				CLANG_WARN_EMPTY_BODY = YES;
				CLANG_WARN_ENUM_CONVERSION = YES;
				CLANG_WARN_INFINITE_RECURSION = YES;
				CLANG_WARN_INT_CONVERSION = YES;
				CLANG_WARN_NON_LITERAL_NULL_CONVERSION = YES;
				CLANG_WARN_OBJC_IMPLICIT_RETAIN_SELF = YES;
				CLANG_WARN_OBJC_LITERAL_CONVERSION = YES;
				CLANG_WARN_OBJC_ROOT_CLASS = YES_ERROR;
				CLANG_WARN_RANGE_LOOP_ANALYSIS = YES;
				CLANG_WARN_STRICT_PROTOTYPES = YES;
				CLANG_WARN_SUSPICIOUS_MOVE = YES;
				CLANG_WARN_UNGUARDED_AVAILABILITY = YES_AGGRESSIVE;
				CLANG_WARN_UNREACHABLE_CODE = YES;
				CLANG_WARN__DUPLICATE_METHOD_MATCH = YES;
				COPY_PHASE_STRIP = NO;
				DEBUG_INFORMATION_FORMAT = "dwarf-with-dsym";
				ENABLE_NS_ASSERTIONS = NO;
				ENABLE_STRICT_OBJC_MSGSEND = YES;
				GCC_C_LANGUAGE_STANDARD = gnu11;
				GCC_NO_COMMON_BLOCKS = YES;
				GCC_WARN_64_TO_32_BIT_CONVERSION = YES;
				GCC_WARN_ABOUT_RETURN_TYPE = YES_ERROR;
				GCC_WARN_UNDECLARED_SELECTOR = YES;
				GCC_WARN_UNINITIALIZED_AUTOS = YES_AGGRESSIVE;
				GCC_WARN_UNUSED_FUNCTION = YES;
				GCC_WARN_UNUSED_VARIABLE = YES;
				PRODUCT_NAME = "$(TARGET_NAME)";
				SDKROOT = iphoneos;
				SWIFT_COMPILATION_MODE = wholemodule;
				SWIFT_VERSION = 5.0;
				VALIDATE_PRODUCT = YES;
			};
			name = Release;
		};
		EB9DF859632A7B6C3F428BD7 /* Release */ = {
			isa = XCBuildConfiguration;
			buildSettings = {
				ASSETCATALOG_COMPILER_APPICON_NAME = AppIcon;
				CODE_SIGN_IDENTITY = "iPhone Developer";
				CUSTOM_BUILD_SETTING = 1.0;
				INFOPLIST_FILE = SailboatRadio/Info.plist;
				IPHONEOS_DEPLOYMENT_TARGET = 14.0;
				LD_RUNPATH_SEARCH_PATHS = (
					"$(inherited)",
					"@executable_path/Frameworks",
				);
				PRODUCT_BUNDLE_IDENTIFIER = sailboat.radio.app;
				SDKROOT = iphoneos;
				TARGETED_DEVICE_FAMILY = (
					1,
					2,
				);
			};
			name = Release;
		};
		F072395908F14F53ADFB8F41 /* Debug */ = {
			isa = XCBuildConfiguration;
			buildSettings = {
				ALWAYS_SEARCH_USER_PATHS = NO;
				CLANG_ANALYZER_NONNULL = YES;
				CLANG_ANALYZER_NUMBER_OBJECT_CONVERSION = YES_AGGRESSIVE;
				CLANG_CXX_LANGUAGE_STANDARD = "gnu++14";
				CLANG_CXX_LIBRARY = "libc++";
				CLANG_ENABLE_MODULES = YES;
				CLANG_ENABLE_OBJC_ARC = YES;
				CLANG_WARN_BLOCK_CAPTURE_AUTORELEASING = YES;
				CLANG_WARN_BOOL_CONVERSION = YES;
				CLANG_WARN_COMMA = YES;
				CLANG_WARN_CONSTANT_CONVERSION = YES;
				CLANG_WARN_DEPRECATED_OBJC_IMPLEMENTATIONS = YES;
				CLANG_WARN_DIRECT_OBJC_ISA_USAGE = YES_ERROR;
				CLANG_WARN_DOCUMENTATION_COMMENTS = YES;
				CLANG_WARN_EMPTY_BODY = YES;
				CLANG_WARN_ENUM_CONVERSION = YES;
				CLANG_WARN_INFINITE_RECURSION = YES;
				CLANG_WARN_INT_CONVERSION = YES;
				CLANG_WARN_NON_LITERAL_NULL_CONVERSION = YES;
				CLANG_WARN_OBJC_IMPLICIT_RETAIN_SELF = YES;
				CLANG_WARN_OBJC_LITERAL_CONVERSION = YES;
				CLANG_WARN_OBJC_ROOT_CLASS = YES_ERROR;
				CLANG_WARN_RANGE_LOOP_ANALYSIS = YES;
				CLANG_WARN_STRICT_PROTOTYPES = YES;
				CLANG_WARN_SUSPICIOUS_MOVE = YES;
				CLANG_WARN_UNGUARDED_AVAILABILITY = YES_AGGRESSIVE;
				CLANG_WARN_UNREACHABLE_CODE = YES;
				CLANG_WARN__DUPLICATE_METHOD_MATCH = YES;
				COPY_PHASE_STRIP = NO;
				DEBUG_INFORMATION_FORMAT = dwarf;
				ENABLE_STRICT_OBJC_MSGSEND = YES;
				ENABLE_TESTABILITY = YES;
				GCC_C_LANGUAGE_STANDARD = gnu11;
				GCC_DYNAMIC_NO_PIC = NO;
				GCC_NO_COMMON_BLOCKS = YES;
				GCC_OPTIMIZATION_LEVEL = 0;
				GCC_PREPROCESSOR_DEFINITIONS = (
					"$(inherited)",
					"DEBUG=1",
				);
				GCC_WARN_64_TO_32_BIT_CONVERSION = YES;
				GCC_WARN_ABOUT_RETURN_TYPE = YES_ERROR;
				GCC_WARN_UNDECLARED_SELECTOR = YES;
				GCC_WARN_UNINITIALIZED_AUTOS = YES_AGGRESSIVE;
				GCC_WARN_UNUSED_FUNCTION = YES;
				GCC_WARN_UNUSED_VARIABLE = YES;
				MTL_ENABLE_DEBUG_INFO = YES;
				ONLY_ACTIVE_ARCH = YES;
				PRODUCT_NAME = "$(TARGET_NAME)";
				SDKROOT = iphoneos;
				SWIFT_ACTIVE_COMPILATION_CONDITIONS = DEBUG;
				SWIFT_OPTIMIZATION_LEVEL = "-Onone";
				SWIFT_VERSION = 5.0;
			};
			name = Debug;
		};
		FDD4E17AE353F3481902DD84 /* Debug */ = {
			isa = XCBuildConfiguration;
			buildSettings = {
				ASSETCATALOG_COMPILER_APPICON_NAME = AppIcon;
				CODE_SIGN_IDENTITY = "iPhone Developer";
				CUSTOM_BUILD_SETTING = 1.0;
				INFOPLIST_FILE = SailboatRadio/Info.plist;
				IPHONEOS_DEPLOYMENT_TARGET = 14.0;
				LD_RUNPATH_SEARCH_PATHS = (
					"$(inherited)",
					"@executable_path/Frameworks",
				);
				PRODUCT_BUNDLE_IDENTIFIER = sailboat.radio.app;
				SDKROOT = iphoneos;
				TARGETED_DEVICE_FAMILY = (
					1,
					2,
				);
			};
			name = Debug;
		};
/* End XCBuildConfiguration section */

/* Begin XCConfigurationList section */
		07CC6794D550E6DB78DDB187 /* Build configuration list for PBXNativeTarget "SailboatRadio" */ = {
			isa = XCConfigurationList;
			buildConfigurations = (
				FDD4E17AE353F3481902DD84 /* Debug */,
				EB9DF859632A7B6C3F428BD7 /* Release */,
			);
			defaultConfigurationIsVisible = 0;
			defaultConfigurationName = "";
		};
		2B4666FE81DA924EB87A38A0 /* Build configuration list for PBXProject "SailboatRadio" */ = {
			isa = XCConfigurationList;
			buildConfigurations = (
				F072395908F14F53ADFB8F41 /* Debug */,
				E819BD5B2B8F18806240EA6D /* Release */,
			);
			defaultConfigurationIsVisible = 0;
			defaultConfigurationName = Debug;
		};
		86B4B01336FA47227DAB533C /* Build configuration list for PBXNativeTarget "SailboatRadioTests" */ = {
			isa = XCConfigurationList;
			buildConfigurations = (
				189BB9A6BB4A06951833182B /* Debug */,
				15E61823DF9DD0B2F0A9F0CC /* Release */,
			);
			defaultConfigurationIsVisible = 0;
			defaultConfigurationName = "";
		};
/* End XCConfigurationList section */
	};
	rootObject = C84A3E9A98184F600A655F1D /* Project object */;
}
